
Microsoft Visual Studio Solution File, Format Version 12.00
# Visual Studio Version 17
VisualStudioVersion = 17.3.32811.315
MinimumVisualStudioVersion = 10.0.40219.1
Project("{FAE04EC0-301F-11D3-BF4B-00C04F79EFBC}") = "Day8_EmpPayRoll", "Day8_EmpPayRoll.csproj", "{469AA163-5B16-4BC2-A05E-99A43F84DAFF}"
EndProject
Global
	GlobalSection(SolutionConfigurationPlatforms) = preSolution
		Debug|Any CPU = Debug|Any CPU
		Release|Any CPU = Release|Any CPU
	EndGlobalSection
	GlobalSection(ProjectConfigurationPlatforms) = postSolution
		{469AA163-5B16-4BC2-A05E-99A43F84DAFF}.Debug|Any CPU.ActiveCfg = Debug|Any CPU
		{469AA163-5B16-4BC2-A05E-99A43F84DAFF}.Debug|Any CPU.Build.0 = Debug|Any CPU
		{469AA163-5B16-4BC2-A05E-99A43F84DAFF}.Release|Any CPU.ActiveCfg = Release|Any CPU
		{469AA163-5B16-4BC2-A05E-99A43F84DAFF}.Release|Any CPU.Build.0 = Release|Any CPU
	EndGlobalSection
	GlobalSection(SolutionProperties) = preSolution
		HideSolutionNode = FALSE
	EndGlobalSection
	GlobalSection(ExtensibilityGlobals) = postSolution
		SolutionGuid = {45902A5A-DEDB-4FC9-B423-4DE040BCDAA8}
	EndGlobalSection
EndGlobal
